
Microsoft Visual Studio Solution File, Format Version 12.00
# Visual Studio Version 16
VisualStudioVersion = 16.0.31019.35
MinimumVisualStudioVersion = 10.0.40219.1
Project("{FAE04EC0-301F-11D3-BF4B-00C04F79EFBC}") = "JCL_Web", "JCL_Web\JCL_Web.csproj", "{02934813-B272-41A6-8C9D-8317D1694291}"
EndProject
Global
	GlobalSection(SolutionConfigurationPlatforms) = preSolution
		Debug|Any CPU = Debug|Any CPU
		Release|Any CPU = Release|Any CPU
	EndGlobalSection
	GlobalSection(ProjectConfigurationPlatforms) = postSolution
		{02934813-B272-41A6-8C9D-8317D1694291}.Debug|Any CPU.ActiveCfg = Debug|Any CPU
		{02934813-B272-41A6-8C9D-8317D1694291}.Debug|Any CPU.Build.0 = Debug|Any CPU
		{02934813-B272-41A6-8C9D-8317D1694291}.Release|Any CPU.ActiveCfg = Release|Any CPU
		{02934813-B272-41A6-8C9D-8317D1694291}.Release|Any CPU.Build.0 = Release|Any CPU
	EndGlobalSection
	GlobalSection(SolutionProperties) = preSolution
		HideSolutionNode = FALSE
	EndGlobalSection
	GlobalSection(ExtensibilityGlobals) = postSolution
		SolutionGuid = {A4990062-B89A-464E-98CA-5D3D0B837D3F}
	EndGlobalSection
EndGlobal
